
Microsoft Visual Studio Solution File, Format Version 12.00
# Visual Studio Version 17
VisualStudioVersion = 17.7.34024.191
MinimumVisualStudioVersion = 10.0.40219.1
Project("{FAE04EC0-301F-11D3-BF4B-00C04F79EFBC}") = "Employee", "Employee\Employee.csproj", "{6A74EE6B-977A-416E-94F1-EC6A536FC13B}"
EndProject
Global
	GlobalSection(SolutionConfigurationPlatforms) = preSolution
		Debug|Any CPU = Debug|Any CPU
		Release|Any CPU = Release|Any CPU
	EndGlobalSection
	GlobalSection(ProjectConfigurationPlatforms) = postSolution
		{6A74EE6B-977A-416E-94F1-EC6A536FC13B}.Debug|Any CPU.ActiveCfg = Debug|Any CPU
		{6A74EE6B-977A-416E-94F1-EC6A536FC13B}.Debug|Any CPU.Build.0 = Debug|Any CPU
		{6A74EE6B-977A-416E-94F1-EC6A536FC13B}.Release|Any CPU.ActiveCfg = Release|Any CPU
		{6A74EE6B-977A-416E-94F1-EC6A536FC13B}.Release|Any CPU.Build.0 = Release|Any CPU
	EndGlobalSection
	GlobalSection(SolutionProperties) = preSolution
		HideSolutionNode = FALSE
	EndGlobalSection
	GlobalSection(ExtensibilityGlobals) = postSolution
		SolutionGuid = {D1D149EE-008A-4C11-9BC2-579901DBB2EF}
	EndGlobalSection
EndGlobal
